{
  "object": {
    "pins": [
      {
        "package": "CZUtils",
        "repositoryURL": "https://github.com/geekaurora/CZUtils.git",
        "state": {
          "branch": null,
          "revision": "51f2ab4a42918e00f812bcf62a9e14bf785048c7",
          "version": "3.9.6"
        }
      },
      {
        "package": "SwiftUIKit",
        "repositoryURL": "https://github.com/geekaurora/SwiftUIKit.git",
        "state": {
          "branch": null,
          "revision": "d22c588acd8a7a00d5754de765ae7eb7ac64141d",
          "version": "1.4.3"
        }
      }
    ]
  },
  "version": 1
}
