{
  "object": {
    "pins": [
      {
        "package": "CZUtils",
        "repositoryURL": "https://github.com/geekaurora/CZUtils.git",
        "state": {
          "branch": null,
          "revision": "6bbc90e4eca1cbbb11221668d7c80128e7966bf8",
          "version": "3.1.2"
        }
      },
      {
        "package": "SwiftUIKit",
        "repositoryURL": "https://github.com/geekaurora/SwiftUIKit.git",
        "state": {
          "branch": null,
          "revision": "5216488449aeeeb1124d8de63777099e62373529",
          "version": "1.0.2"
        }
      }
    ]
  },
  "version": 1
}
