{
  "object": {
    "pins": [
      {
        "package": "CZUtils",
        "repositoryURL": "https://github.com/geekaurora/CZUtils.git",
        "state": {
          "branch": null,
          "revision": "56ef765e9b112d14ab1bd6f39586d7a6b6b3bab2",
          "version": "4.4.0"
        }
      }
    ]
  },
  "version": 1
}
