// !$*UTF8*$!
{
	archiveVersion = 1;
	classes = {
	};
	objectVersion = 50;
	objects = {

/* Begin PBXBuildFile section */
		C3A3D3D1243F22A7001D9BFE /* ListDiffable.swift in Sources */ = {isa = PBXBuildFile; fileRef = C3A3D3D0243F22A7001D9BFE /* ListDiffable.swift */; };
		C3D67EA02440618C008A54ED /* Styles.swift in Sources */ = {isa = PBXBuildFile; fileRef = C3D67E9F2440618C008A54ED /* Styles.swift */; };
		DF94EB942415FEC500630182 /* SwiftUIKit.framework in Frameworks */ = {isa = PBXBuildFile; fileRef = DF94EB8A2415FEC500630182 /* SwiftUIKit.framework */; };
		DF94EB992415FEC500630182 /* SwiftUIKitTests.swift in Sources */ = {isa = PBXBuildFile; fileRef = DF94EB982415FEC500630182 /* SwiftUIKitTests.swift */; };
		DF94EB9B2415FEC500630182 /* SwiftUIKit.h in Headers */ = {isa = PBXBuildFile; fileRef = DF94EB8D2415FEC500630182 /* SwiftUIKit.h */; settings = {ATTRIBUTES = (Public, ); }; };
		DF94EBA52415FEDD00630182 /* View+.swift in Sources */ = {isa = PBXBuildFile; fileRef = DF94EBA42415FEDD00630182 /* View+.swift */; };
/* End PBXBuildFile section */

/* Begin PBXContainerItemProxy section */
		DF94EB952415FEC500630182 /* PBXContainerItemProxy */ = {
			isa = PBXContainerItemProxy;
			containerPortal = DF94EB812415FEC500630182 /* Project object */;
			proxyType = 1;
			remoteGlobalIDString = DF94EB892415FEC500630182;
			remoteInfo = SwiftUIKit;
		};
/* End PBXContainerItemProxy section */

/* Begin PBXFileReference section */
		C3A3D3D0243F22A7001D9BFE /* ListDiffable.swift */ = {isa = PBXFileReference; lastKnownFileType = sourcecode.swift; path = ListDiffable.swift; sourceTree = "<group>"; };
		C3D67E9F2440618C008A54ED /* Styles.swift */ = {isa = PBXFileReference; lastKnownFileType = sourcecode.swift; path = Styles.swift; sourceTree = "<group>"; };
		DF94EB8A2415FEC500630182 /* SwiftUIKit.framework */ = {isa = PBXFileReference; explicitFileType = wrapper.framework; includeInIndex = 0; path = SwiftUIKit.framework; sourceTree = BUILT_PRODUCTS_DIR; };
		DF94EB8D2415FEC500630182 /* SwiftUIKit.h */ = {isa = PBXFileReference; lastKnownFileType = sourcecode.c.h; path = SwiftUIKit.h; sourceTree = "<group>"; };
		DF94EB8E2415FEC500630182 /* Info.plist */ = {isa = PBXFileReference; lastKnownFileType = text.plist.xml; path = Info.plist; sourceTree = "<group>"; };
		DF94EB932415FEC500630182 /* SwiftUIKitTests.xctest */ = {isa = PBXFileReference; explicitFileType = wrapper.cfbundle; includeInIndex = 0; path = SwiftUIKitTests.xctest; sourceTree = BUILT_PRODUCTS_DIR; };
		DF94EB982415FEC500630182 /* SwiftUIKitTests.swift */ = {isa = PBXFileReference; lastKnownFileType = sourcecode.swift; path = SwiftUIKitTests.swift; sourceTree = "<group>"; };
		DF94EB9A2415FEC500630182 /* Info.plist */ = {isa = PBXFileReference; lastKnownFileType = text.plist.xml; path = Info.plist; sourceTree = "<group>"; };
		DF94EBA42415FEDD00630182 /* View+.swift */ = {isa = PBXFileReference; lastKnownFileType = sourcecode.swift; path = "View+.swift"; sourceTree = "<group>"; };
/* End PBXFileReference section */

/* Begin PBXFrameworksBuildPhase section */
		DF94EB872415FEC500630182 /* Frameworks */ = {
			isa = PBXFrameworksBuildPhase;
			buildActionMask = 2147483647;
			files = (
			);
			runOnlyForDeploymentPostprocessing = 0;
		};
		DF94EB902415FEC500630182 /* Frameworks */ = {
			isa = PBXFrameworksBuildPhase;
			buildActionMask = 2147483647;
			files = (
				DF94EB942415FEC500630182 /* SwiftUIKit.framework in Frameworks */,
			);
			runOnlyForDeploymentPostprocessing = 0;
		};
/* End PBXFrameworksBuildPhase section */

/* Begin PBXGroup section */
		DF94EB802415FEC500630182 = {
			isa = PBXGroup;
			children = (
				DF94EB8C2415FEC500630182 /* SwiftUIKit */,
				DF94EB972415FEC500630182 /* SwiftUIKitTests */,
				DF94EB8B2415FEC500630182 /* Products */,
			);
			sourceTree = "<group>";
		};
		DF94EB8B2415FEC500630182 /* Products */ = {
			isa = PBXGroup;
			children = (
				DF94EB8A2415FEC500630182 /* SwiftUIKit.framework */,
				DF94EB932415FEC500630182 /* SwiftUIKitTests.xctest */,
			);
			name = Products;
			sourceTree = "<group>";
		};
		DF94EB8C2415FEC500630182 /* SwiftUIKit */ = {
			isa = PBXGroup;
			children = (
				C3A3D3D0243F22A7001D9BFE /* ListDiffable.swift */,
				C3D67E9F2440618C008A54ED /* Styles.swift */,
				DF94EBA42415FEDD00630182 /* View+.swift */,
				DF94EB8D2415FEC500630182 /* SwiftUIKit.h */,
				DF94EB8E2415FEC500630182 /* Info.plist */,
			);
			path = SwiftUIKit;
			sourceTree = "<group>";
		};
		DF94EB972415FEC500630182 /* SwiftUIKitTests */ = {
			isa = PBXGroup;
			children = (
				DF94EB982415FEC500630182 /* SwiftUIKitTests.swift */,
				DF94EB9A2415FEC500630182 /* Info.plist */,
			);
			path = SwiftUIKitTests;
			sourceTree = "<group>";
		};
/* End PBXGroup section */

/* Begin PBXHeadersBuildPhase section */
		DF94EB852415FEC500630182 /* Headers */ = {
			isa = PBXHeadersBuildPhase;
			buildActionMask = 2147483647;
			files = (
				DF94EB9B2415FEC500630182 /* SwiftUIKit.h in Headers */,
			);
			runOnlyForDeploymentPostprocessing = 0;
		};
/* End PBXHeadersBuildPhase section */

/* Begin PBXNativeTarget section */
		DF94EB892415FEC500630182 /* SwiftUIKit */ = {
			isa = PBXNativeTarget;
			buildConfigurationList = DF94EB9E2415FEC500630182 /* Build configuration list for PBXNativeTarget "SwiftUIKit" */;
			buildPhases = (
				DF94EB852415FEC500630182 /* Headers */,
				DF94EB862415FEC500630182 /* Sources */,
				DF94EB872415FEC500630182 /* Frameworks */,
				DF94EB882415FEC500630182 /* Resources */,
			);
			buildRules = (
			);
			dependencies = (
			);
			name = SwiftUIKit;
			productName = SwiftUIKit;
			productReference = DF94EB8A2415FEC500630182 /* SwiftUIKit.framework */;
			productType = "com.apple.product-type.framework";
		};
		DF94EB922415FEC500630182 /* SwiftUIKitTests */ = {
			isa = PBXNativeTarget;
			buildConfigurationList = DF94EBA12415FEC500630182 /* Build configuration list for PBXNativeTarget "SwiftUIKitTests" */;
			buildPhases = (
				DF94EB8F2415FEC500630182 /* Sources */,
				DF94EB902415FEC500630182 /* Frameworks */,
				DF94EB912415FEC500630182 /* Resources */,
			);
			buildRules = (
			);
			dependencies = (
				DF94EB962415FEC500630182 /* PBXTargetDependency */,
			);
			name = SwiftUIKitTests;
			productName = SwiftUIKitTests;
			productReference = DF94EB932415FEC500630182 /* SwiftUIKitTests.xctest */;
			productType = "com.apple.product-type.bundle.unit-test";
		};
/* End PBXNativeTarget section */

/* Begin PBXProject section */
		DF94EB812415FEC500630182 /* Project object */ = {
			isa = PBXProject;
			attributes = {
				LastSwiftUpdateCheck = 1120;
				LastUpgradeCheck = 1120;
				ORGANIZATIONNAME = "Cheng Zhang";
				TargetAttributes = {
					DF94EB892415FEC500630182 = {
						CreatedOnToolsVersion = 11.2.1;
						LastSwiftMigration = 1120;
					};
					DF94EB922415FEC500630182 = {
						CreatedOnToolsVersion = 11.2.1;
					};
				};
			};
			buildConfigurationList = DF94EB842415FEC500630182 /* Build configuration list for PBXProject "SwiftUIKit" */;
			compatibilityVersion = "Xcode 9.3";
			developmentRegion = en;
			hasScannedForEncodings = 0;
			knownRegions = (
				en,
				Base,
			);
			mainGroup = DF94EB802415FEC500630182;
			productRefGroup = DF94EB8B2415FEC500630182 /* Products */;
			projectDirPath = "";
			projectRoot = "";
			targets = (
				DF94EB892415FEC500630182 /* SwiftUIKit */,
				DF94EB922415FEC500630182 /* SwiftUIKitTests */,
			);
		};
/* End PBXProject section */

/* Begin PBXResourcesBuildPhase section */
		DF94EB882415FEC500630182 /* Resources */ = {
			isa = PBXResourcesBuildPhase;
			buildActionMask = 2147483647;
			files = (
			);
			runOnlyForDeploymentPostprocessing = 0;
		};
		DF94EB912415FEC500630182 /* Resources */ = {
			isa = PBXResourcesBuildPhase;
			buildActionMask = 2147483647;
			files = (
			);
			runOnlyForDeploymentPostprocessing = 0;
		};
/* End PBXResourcesBuildPhase section */

/* Begin PBXSourcesBuildPhase section */
		DF94EB862415FEC500630182 /* Sources */ = {
			isa = PBXSourcesBuildPhase;
			buildActionMask = 2147483647;
			files = (
				C3D67EA02440618C008A54ED /* Styles.swift in Sources */,
				C3A3D3D1243F22A7001D9BFE /* ListDiffable.swift in Sources */,
				DF94EBA52415FEDD00630182 /* View+.swift in Sources */,
			);
			runOnlyForDeploymentPostprocessing = 0;
		};
		DF94EB8F2415FEC500630182 /* Sources */ = {
			isa = PBXSourcesBuildPhase;
			buildActionMask = 2147483647;
			files = (
				DF94EB992415FEC500630182 /* SwiftUIKitTests.swift in Sources */,
			);
			runOnlyForDeploymentPostprocessing = 0;
		};
/* End PBXSourcesBuildPhase section */

/* Begin PBXTargetDependency section */
		DF94EB962415FEC500630182 /* PBXTargetDependency */ = {
			isa = PBXTargetDependency;
			target = DF94EB892415FEC500630182 /* SwiftUIKit */;
			targetProxy = DF94EB952415FEC500630182 /* PBXContainerItemProxy */;
		};
/* End PBXTargetDependency section */

/* Begin XCBuildConfiguration section */
		DF94EB9C2415FEC500630182 /* Debug */ = {
			isa = XCBuildConfiguration;
			buildSettings = {
				ALWAYS_SEARCH_USER_PATHS = NO;
				CLANG_ANALYZER_NONNULL = YES;
				CLANG_ANALYZER_NUMBER_OBJECT_CONVERSION = YES_AGGRESSIVE;
				CLANG_CXX_LANGUAGE_STANDARD = "gnu++14";
				CLANG_CXX_LIBRARY = "libc++";
				CLANG_ENABLE_MODULES = YES;
				CLANG_ENABLE_OBJC_ARC = YES;
				CLANG_ENABLE_OBJC_WEAK = YES;
				CLANG_WARN_BLOCK_CAPTURE_AUTORELEASING = YES;
				CLANG_WARN_BOOL_CONVERSION = YES;
				CLANG_WARN_COMMA = YES;
				CLANG_WARN_CONSTANT_CONVERSION = YES;
				CLANG_WARN_DEPRECATED_OBJC_IMPLEMENTATIONS = YES;
				CLANG_WARN_DIRECT_OBJC_ISA_USAGE = YES_ERROR;
				CLANG_WARN_DOCUMENTATION_COMMENTS = YES;
				CLANG_WARN_EMPTY_BODY = YES;
				CLANG_WARN_ENUM_CONVERSION = YES;
				CLANG_WARN_INFINITE_RECURSION = YES;
				CLANG_WARN_INT_CONVERSION = YES;
				CLANG_WARN_NON_LITERAL_NULL_CONVERSION = YES;
				CLANG_WARN_OBJC_IMPLICIT_RETAIN_SELF = YES;
				CLANG_WARN_OBJC_LITERAL_CONVERSION = YES;
				CLANG_WARN_OBJC_ROOT_CLASS = YES_ERROR;
				CLANG_WARN_RANGE_LOOP_ANALYSIS = YES;
				CLANG_WARN_STRICT_PROTOTYPES = YES;
				CLANG_WARN_SUSPICIOUS_MOVE = YES;
				CLANG_WARN_UNGUARDED_AVAILABILITY = YES_AGGRESSIVE;
				CLANG_WARN_UNREACHABLE_CODE = YES;
				CLANG_WARN__DUPLICATE_METHOD_MATCH = YES;
				COPY_PHASE_STRIP = NO;
				CURRENT_PROJECT_VERSION = 1;
				DEBUG_INFORMATION_FORMAT = dwarf;
				ENABLE_STRICT_OBJC_MSGSEND = YES;
				ENABLE_TESTABILITY = YES;
				GCC_C_LANGUAGE_STANDARD = gnu11;
				GCC_DYNAMIC_NO_PIC = NO;
				GCC_NO_COMMON_BLOCKS = YES;
				GCC_OPTIMIZATION_LEVEL = 0;
				GCC_PREPROCESSOR_DEFINITIONS = (
					"DEBUG=1",
					"$(inherited)",
				);
				GCC_WARN_64_TO_32_BIT_CONVERSION = YES;
				GCC_WARN_ABOUT_RETURN_TYPE = YES_ERROR;
				GCC_WARN_UNDECLARED_SELECTOR = YES;
				GCC_WARN_UNINITIALIZED_AUTOS = YES_AGGRESSIVE;
				GCC_WARN_UNUSED_FUNCTION = YES;
				GCC_WARN_UNUSED_VARIABLE = YES;
				IPHONEOS_DEPLOYMENT_TARGET = 13.0;
				MTL_ENABLE_DEBUG_INFO = INCLUDE_SOURCE;
				MTL_FAST_MATH = YES;
				ONLY_ACTIVE_ARCH = YES;
				SDKROOT = iphoneos;
				SWIFT_ACTIVE_COMPILATION_CONDITIONS = DEBUG;
				SWIFT_OPTIMIZATION_LEVEL = "-Onone";
				VERSIONING_SYSTEM = "apple-generic";
				VERSION_INFO_PREFIX = "";
			};
			name = Debug;
		};
		DF94EB9D2415FEC500630182 /* Release */ = {
			isa = XCBuildConfiguration;
			buildSettings = {
				ALWAYS_SEARCH_USER_PATHS = NO;
				CLANG_ANALYZER_NONNULL = YES;
				CLANG_ANALYZER_NUMBER_OBJECT_CONVERSION = YES_AGGRESSIVE;
				CLANG_CXX_LANGUAGE_STANDARD = "gnu++14";
				CLANG_CXX_LIBRARY = "libc++";
				CLANG_ENABLE_MODULES = YES;
				CLANG_ENABLE_OBJC_ARC = YES;
				CLANG_ENABLE_OBJC_WEAK = YES;
				CLANG_WARN_BLOCK_CAPTURE_AUTORELEASING = YES;
				CLANG_WARN_BOOL_CONVERSION = YES;
				CLANG_WARN_COMMA = YES;
				CLANG_WARN_CONSTANT_CONVERSION = YES;
				CLANG_WARN_DEPRECATED_OBJC_IMPLEMENTATIONS = YES;
				CLANG_WARN_DIRECT_OBJC_ISA_USAGE = YES_ERROR;
				CLANG_WARN_DOCUMENTATION_COMMENTS = YES;
				CLANG_WARN_EMPTY_BODY = YES;
				CLANG_WARN_ENUM_CONVERSION = YES;
				CLANG_WARN_INFINITE_RECURSION = YES;
				CLANG_WARN_INT_CONVERSION = YES;
				CLANG_WARN_NON_LITERAL_NULL_CONVERSION = YES;
				CLANG_WARN_OBJC_IMPLICIT_RETAIN_SELF = YES;
				CLANG_WARN_OBJC_LITERAL_CONVERSION = YES;
				CLANG_WARN_OBJC_ROOT_CLASS = YES_ERROR;
				CLANG_WARN_RANGE_LOOP_ANALYSIS = YES;
				CLANG_WARN_STRICT_PROTOTYPES = YES;
				CLANG_WARN_SUSPICIOUS_MOVE = YES;
				CLANG_WARN_UNGUARDED_AVAILABILITY = YES_AGGRESSIVE;
				CLANG_WARN_UNREACHABLE_CODE = YES;
				CLANG_WARN__DUPLICATE_METHOD_MATCH = YES;
				COPY_PHASE_STRIP = NO;
				CURRENT_PROJECT_VERSION = 1;
				DEBUG_INFORMATION_FORMAT = "dwarf-with-dsym";
				ENABLE_NS_ASSERTIONS = NO;
				ENABLE_STRICT_OBJC_MSGSEND = YES;
				GCC_C_LANGUAGE_STANDARD = gnu11;
				GCC_NO_COMMON_BLOCKS = YES;
				GCC_WARN_64_TO_32_BIT_CONVERSION = YES;
				GCC_WARN_ABOUT_RETURN_TYPE = YES_ERROR;
				GCC_WARN_UNDECLARED_SELECTOR = YES;
				GCC_WARN_UNINITIALIZED_AUTOS = YES_AGGRESSIVE;
				GCC_WARN_UNUSED_FUNCTION = YES;
				GCC_WARN_UNUSED_VARIABLE = YES;
				IPHONEOS_DEPLOYMENT_TARGET = 13.0;
				MTL_ENABLE_DEBUG_INFO = NO;
				MTL_FAST_MATH = YES;
				SDKROOT = iphoneos;
				SWIFT_COMPILATION_MODE = wholemodule;
				SWIFT_OPTIMIZATION_LEVEL = "-O";
				VALIDATE_PRODUCT = YES;
				VERSIONING_SYSTEM = "apple-generic";
				VERSION_INFO_PREFIX = "";
			};
			name = Release;
		};
		DF94EB9F2415FEC500630182 /* Debug */ = {
			isa = XCBuildConfiguration;
			buildSettings = {
				CLANG_ENABLE_MODULES = YES;
				CODE_SIGN_STYLE = Automatic;
				DEFINES_MODULE = YES;
				DYLIB_COMPATIBILITY_VERSION = 1;
				DYLIB_CURRENT_VERSION = 1;
				DYLIB_INSTALL_NAME_BASE = "@rpath";
				INFOPLIST_FILE = SwiftUIKit/Info.plist;
				INSTALL_PATH = "$(LOCAL_LIBRARY_DIR)/Frameworks";
				LD_RUNPATH_SEARCH_PATHS = (
					"$(inherited)",
					"@executable_path/Frameworks",
					"@loader_path/Frameworks",
				);
				PRODUCT_BUNDLE_IDENTIFIER = "Cheng-Zhang.SwiftUIKit";
				PRODUCT_NAME = "$(TARGET_NAME:c99extidentifier)";
				SKIP_INSTALL = YES;
				SWIFT_OPTIMIZATION_LEVEL = "-Onone";
				SWIFT_VERSION = 5.0;
				TARGETED_DEVICE_FAMILY = "1,2";
			};
			name = Debug;
		};
		DF94EBA02415FEC500630182 /* Release */ = {
			isa = XCBuildConfiguration;
			buildSettings = {
				CLANG_ENABLE_MODULES = YES;
				CODE_SIGN_STYLE = Automatic;
				DEFINES_MODULE = YES;
				DYLIB_COMPATIBILITY_VERSION = 1;
				DYLIB_CURRENT_VERSION = 1;
				DYLIB_INSTALL_NAME_BASE = "@rpath";
				INFOPLIST_FILE = SwiftUIKit/Info.plist;
				INSTALL_PATH = "$(LOCAL_LIBRARY_DIR)/Frameworks";
				LD_RUNPATH_SEARCH_PATHS = (
					"$(inherited)",
					"@executable_path/Frameworks",
					"@loader_path/Frameworks",
				);
				PRODUCT_BUNDLE_IDENTIFIER = "Cheng-Zhang.SwiftUIKit";
				PRODUCT_NAME = "$(TARGET_NAME:c99extidentifier)";
				SKIP_INSTALL = YES;
				SWIFT_VERSION = 5.0;
				TARGETED_DEVICE_FAMILY = "1,2";
			};
			name = Release;
		};
		DF94EBA22415FEC500630182 /* Debug */ = {
			isa = XCBuildConfiguration;
			buildSettings = {
				ALWAYS_EMBED_SWIFT_STANDARD_LIBRARIES = YES;
				CODE_SIGN_STYLE = Automatic;
				INFOPLIST_FILE = SwiftUIKitTests/Info.plist;
				LD_RUNPATH_SEARCH_PATHS = (
					"$(inherited)",
					"@executable_path/Frameworks",
					"@loader_path/Frameworks",
				);
				PRODUCT_BUNDLE_IDENTIFIER = "Cheng-Zhang.SwiftUIKitTests";
				PRODUCT_NAME = "$(TARGET_NAME)";
				SWIFT_VERSION = 5.0;
				TARGETED_DEVICE_FAMILY = "1,2";
			};
			name = Debug;
		};
		DF94EBA32415FEC500630182 /* Release */ = {
			isa = XCBuildConfiguration;
			buildSettings = {
				ALWAYS_EMBED_SWIFT_STANDARD_LIBRARIES = YES;
				CODE_SIGN_STYLE = Automatic;
				INFOPLIST_FILE = SwiftUIKitTests/Info.plist;
				LD_RUNPATH_SEARCH_PATHS = (
					"$(inherited)",
					"@executable_path/Frameworks",
					"@loader_path/Frameworks",
				);
				PRODUCT_BUNDLE_IDENTIFIER = "Cheng-Zhang.SwiftUIKitTests";
				PRODUCT_NAME = "$(TARGET_NAME)";
				SWIFT_VERSION = 5.0;
				TARGETED_DEVICE_FAMILY = "1,2";
			};
			name = Release;
		};
/* End XCBuildConfiguration section */

/* Begin XCConfigurationList section */
		DF94EB842415FEC500630182 /* Build configuration list for PBXProject "SwiftUIKit" */ = {
			isa = XCConfigurationList;
			buildConfigurations = (
				DF94EB9C2415FEC500630182 /* Debug */,
				DF94EB9D2415FEC500630182 /* Release */,
			);
			defaultConfigurationIsVisible = 0;
			defaultConfigurationName = Release;
		};
		DF94EB9E2415FEC500630182 /* Build configuration list for PBXNativeTarget "SwiftUIKit" */ = {
			isa = XCConfigurationList;
			buildConfigurations = (
				DF94EB9F2415FEC500630182 /* Debug */,
				DF94EBA02415FEC500630182 /* Release */,
			);
			defaultConfigurationIsVisible = 0;
			defaultConfigurationName = Release;
		};
		DF94EBA12415FEC500630182 /* Build configuration list for PBXNativeTarget "SwiftUIKitTests" */ = {
			isa = XCConfigurationList;
			buildConfigurations = (
				DF94EBA22415FEC500630182 /* Debug */,
				DF94EBA32415FEC500630182 /* Release */,
			);
			defaultConfigurationIsVisible = 0;
			defaultConfigurationName = Release;
		};
/* End XCConfigurationList section */
	};
	rootObject = DF94EB812415FEC500630182 /* Project object */;
}
